
Microsoft Visual Studio Solution File, Format Version 12.00
# Visual Studio 14
VisualStudioVersion = 14.0.25123.0
MinimumVisualStudioVersion = 10.0.40219.1
Project("{FAE04EC0-301F-11D3-BF4B-00C04F79EFBC}") = "CurrySupport.GUI", "CurrySupport.GUI\CurrySupport.GUI.csproj", "{0739B7AC-38F0-4DE9-AD34-02A1A435EF2A}"
EndProject
Project("{FAE04EC0-301F-11D3-BF4B-00C04F79EFBC}") = "CurrySupport.DataModel", "CurrySupport.DataModel\CurrySupport.DataModel.csproj", "{0C394259-C70D-4369-913E-A2299577F5FA}"
EndProject
Project("{FAE04EC0-301F-11D3-BF4B-00C04F79EFBC}") = "CurrySupport.Businesslogik", "CurrySupport.Businesslogik\CurrySupport.Businesslogik.csproj", "{01AA5974-025D-4276-9EF9-814ACDBF7E51}"
EndProject
Global
	GlobalSection(SolutionConfigurationPlatforms) = preSolution
		Debug|Any CPU = Debug|Any CPU
		Release|Any CPU = Release|Any CPU
	EndGlobalSection
	GlobalSection(ProjectConfigurationPlatforms) = postSolution
		{0739B7AC-38F0-4DE9-AD34-02A1A435EF2A}.Debug|Any CPU.ActiveCfg = Debug|Any CPU
		{0739B7AC-38F0-4DE9-AD34-02A1A435EF2A}.Debug|Any CPU.Build.0 = Debug|Any CPU
		{0739B7AC-38F0-4DE9-AD34-02A1A435EF2A}.Release|Any CPU.ActiveCfg = Release|Any CPU
		{0739B7AC-38F0-4DE9-AD34-02A1A435EF2A}.Release|Any CPU.Build.0 = Release|Any CPU
		{0C394259-C70D-4369-913E-A2299577F5FA}.Debug|Any CPU.ActiveCfg = Debug|Any CPU
		{0C394259-C70D-4369-913E-A2299577F5FA}.Debug|Any CPU.Build.0 = Debug|Any CPU
		{0C394259-C70D-4369-913E-A2299577F5FA}.Release|Any CPU.ActiveCfg = Release|Any CPU
		{0C394259-C70D-4369-913E-A2299577F5FA}.Release|Any CPU.Build.0 = Release|Any CPU
		{01AA5974-025D-4276-9EF9-814ACDBF7E51}.Debug|Any CPU.ActiveCfg = Debug|Any CPU
		{01AA5974-025D-4276-9EF9-814ACDBF7E51}.Debug|Any CPU.Build.0 = Debug|Any CPU
		{01AA5974-025D-4276-9EF9-814ACDBF7E51}.Release|Any CPU.ActiveCfg = Release|Any CPU
		{01AA5974-025D-4276-9EF9-814ACDBF7E51}.Release|Any CPU.Build.0 = Release|Any CPU
	EndGlobalSection
	GlobalSection(SolutionProperties) = preSolution
		HideSolutionNode = FALSE
	EndGlobalSection
EndGlobal
